// !$*UTF8*$!
{
	archiveVersion = 1;
	classes = {
	};
	objectVersion = 46;
	objects = {

/* Begin PBXBuildFile section */
		25F34570231EA46725DA8901 /* libPods-LinuxDocs.a in Frameworks */ = {isa = PBXBuildFile; fileRef = 186CD9AEF3CF5076E0AA38B4 /* libPods-LinuxDocs.a */; };
		AC0A8B7A1ABA9EF800DF8880 /* cheatsheet.json in Resources */ = {isa = PBXBuildFile; fileRef = AC0A8B791ABA9EF800DF8880 /* cheatsheet.json */; };
		AC0A8B7E1ABA9F2B00DF8880 /* CheatSheet.swift in Sources */ = {isa = PBXBuildFile; fileRef = AC0A8B7D1ABA9F2B00DF8880 /* CheatSheet.swift */; };
		AC0A8B801ABA9F8300DF8880 /* CheatSheetsViewController.swift in Sources */ = {isa = PBXBuildFile; fileRef = AC0A8B7F1ABA9F8300DF8880 /* CheatSheetsViewController.swift */; };
		AC0A8B821ABAAA9400DF8880 /* CheatSheetBrowserViewController.swift in Sources */ = {isa = PBXBuildFile; fileRef = AC0A8B811ABAAA9400DF8880 /* CheatSheetBrowserViewController.swift */; };
		AC0A8B881ABAB36A00DF8880 /* style.css in Resources */ = {isa = PBXBuildFile; fileRef = AC0A8B871ABAB36A00DF8880 /* style.css */; };
		AC0A8B8A1ABAB93600DF8880 /* cheatsheet in Resources */ = {isa = PBXBuildFile; fileRef = AC0A8B891ABAB93600DF8880 /* cheatsheet */; };
		AC4DF2A11ACEA651008785F2 /* AppColors.swift in Sources */ = {isa = PBXBuildFile; fileRef = AC4DF2A01ACEA651008785F2 /* AppColors.swift */; };
		AC6332AB1AA79C010021AA57 /* AppDelegate.swift in Sources */ = {isa = PBXBuildFile; fileRef = AC6332AA1AA79C010021AA57 /* AppDelegate.swift */; };
		AC6332AD1AA79C010021AA57 /* ManPagesViewController.swift in Sources */ = {isa = PBXBuildFile; fileRef = AC6332AC1AA79C010021AA57 /* ManPagesViewController.swift */; };
		AC6332B01AA79C010021AA57 /* Main.storyboard in Resources */ = {isa = PBXBuildFile; fileRef = AC6332AE1AA79C010021AA57 /* Main.storyboard */; };
		AC6332B21AA79C010021AA57 /* Images.xcassets in Resources */ = {isa = PBXBuildFile; fileRef = AC6332B11AA79C010021AA57 /* Images.xcassets */; };
		AC6332C11AA79C010021AA57 /* LinuxDocsTests.swift in Sources */ = {isa = PBXBuildFile; fileRef = AC6332C01AA79C010021AA57 /* LinuxDocsTests.swift */; };
		AC6332CB1AA79D420021AA57 /* ManPageBrowserViewController.swift in Sources */ = {isa = PBXBuildFile; fileRef = AC6332CA1AA79D420021AA57 /* ManPageBrowserViewController.swift */; };
		AC6332CD1AA79DCB0021AA57 /* ManPage.swift in Sources */ = {isa = PBXBuildFile; fileRef = AC6332CC1AA79DCB0021AA57 /* ManPage.swift */; };
		AC6E4CBC1AC0A4C6001BC5FC /* CheatSheetTableCell.swift in Sources */ = {isa = PBXBuildFile; fileRef = AC6E4CBB1AC0A4C6001BC5FC /* CheatSheetTableCell.swift */; };
		AC6E4CDA1AC0E0BB001BC5FC /* MainTabBarController.swift in Sources */ = {isa = PBXBuildFile; fileRef = AC6E4CD91AC0E0BB001BC5FC /* MainTabBarController.swift */; };
		AC6E4CDC1AC0E732001BC5FC /* Launch Screen.xib in Resources */ = {isa = PBXBuildFile; fileRef = AC6E4CDB1AC0E732001BC5FC /* Launch Screen.xib */; };
		AC79FCA71ABCBAB6009298E8 /* ManPageTableCell.swift in Sources */ = {isa = PBXBuildFile; fileRef = AC79FCA61ABCBAB6009298E8 /* ManPageTableCell.swift */; };
		AC8C50221AAB778A0068A731 /* pages.json in Resources */ = {isa = PBXBuildFile; fileRef = AC8C50211AAB778A0068A731 /* pages.json */; };
		AC8C518A1AAB8AF30068A731 /* stylesheet in Resources */ = {isa = PBXBuildFile; fileRef = AC8C51891AAB8AF30068A731 /* stylesheet */; };
		AC8C518C1AAB8C2F0068A731 /* htmlman2 in Resources */ = {isa = PBXBuildFile; fileRef = AC8C518B1AAB8C2F0068A731 /* htmlman2 */; };
		AC8C51931AAB8EFA0068A731 /* htmlman1 in Resources */ = {isa = PBXBuildFile; fileRef = AC8C518D1AAB8EFA0068A731 /* htmlman1 */; };
		AC8C519A1AAB8FB40068A731 /* htmlman3 in Resources */ = {isa = PBXBuildFile; fileRef = AC8C51991AAB8FB40068A731 /* htmlman3 */; };
		AC8C519C1AAB8FC10068A731 /* htmlman4 in Resources */ = {isa = PBXBuildFile; fileRef = AC8C519B1AAB8FC10068A731 /* htmlman4 */; };
		AC8C519E1AAB8FCF0068A731 /* htmlman5 in Resources */ = {isa = PBXBuildFile; fileRef = AC8C519D1AAB8FCF0068A731 /* htmlman5 */; };
		AC8C51A01AAB8FDE0068A731 /* htmlman7 in Resources */ = {isa = PBXBuildFile; fileRef = AC8C519F1AAB8FDE0068A731 /* htmlman7 */; };
		AC8C51A21AAB8FEF0068A731 /* htmlman8 in Resources */ = {isa = PBXBuildFile; fileRef = AC8C51A11AAB8FEF0068A731 /* htmlman8 */; };
		AC8C51A81AABB46C0068A731 /* Crashlytics.framework in Frameworks */ = {isa = PBXBuildFile; fileRef = AC8C51A61AABB46C0068A731 /* Crashlytics.framework */; };
		AC8C51A91AABB46D0068A731 /* Fabric.framework in Frameworks */ = {isa = PBXBuildFile; fileRef = AC8C51A71AABB46C0068A731 /* Fabric.framework */; };
/* End PBXBuildFile section */

/* Begin PBXContainerItemProxy section */
		AC6332BB1AA79C010021AA57 /* PBXContainerItemProxy */ = {
			isa = PBXContainerItemProxy;
			containerPortal = AC63329D1AA79C010021AA57 /* Project object */;
			proxyType = 1;
			remoteGlobalIDString = AC6332A41AA79C010021AA57;
			remoteInfo = LinuxDocs;
		};
/* End PBXContainerItemProxy section */

/* Begin PBXFileReference section */
		186CD9AEF3CF5076E0AA38B4 /* libPods-LinuxDocs.a */ = {isa = PBXFileReference; explicitFileType = archive.ar; includeInIndex = 0; path = "libPods-LinuxDocs.a"; sourceTree = BUILT_PRODUCTS_DIR; };
		1961155EE1797465850E5307 /* Pods-LinuxDocs.debug.xcconfig */ = {isa = PBXFileReference; includeInIndex = 1; lastKnownFileType = text.xcconfig; name = "Pods-LinuxDocs.debug.xcconfig"; path = "Pods/Target Support Files/Pods-LinuxDocs/Pods-LinuxDocs.debug.xcconfig"; sourceTree = "<group>"; };
		AC0A8B791ABA9EF800DF8880 /* cheatsheet.json */ = {isa = PBXFileReference; fileEncoding = 4; lastKnownFileType = text.json; path = cheatsheet.json; sourceTree = "<group>"; };
		AC0A8B7D1ABA9F2B00DF8880 /* CheatSheet.swift */ = {isa = PBXFileReference; fileEncoding = 4; lastKnownFileType = sourcecode.swift; path = CheatSheet.swift; sourceTree = "<group>"; };
		AC0A8B7F1ABA9F8300DF8880 /* CheatSheetsViewController.swift */ = {isa = PBXFileReference; fileEncoding = 4; lastKnownFileType = sourcecode.swift; path = CheatSheetsViewController.swift; sourceTree = "<group>"; };
		AC0A8B811ABAAA9400DF8880 /* CheatSheetBrowserViewController.swift */ = {isa = PBXFileReference; fileEncoding = 4; lastKnownFileType = sourcecode.swift; path = CheatSheetBrowserViewController.swift; sourceTree = "<group>"; };
		AC0A8B871ABAB36A00DF8880 /* style.css */ = {isa = PBXFileReference; fileEncoding = 4; lastKnownFileType = text.css; path = style.css; sourceTree = "<group>"; };
		AC0A8B891ABAB93600DF8880 /* cheatsheet */ = {isa = PBXFileReference; lastKnownFileType = folder; path = cheatsheet; sourceTree = "<group>"; };
		AC4DF2A01ACEA651008785F2 /* AppColors.swift */ = {isa = PBXFileReference; fileEncoding = 4; lastKnownFileType = sourcecode.swift; path = AppColors.swift; sourceTree = "<group>"; };
		AC6332A51AA79C010021AA57 /* LinuxDocs.app */ = {isa = PBXFileReference; explicitFileType = wrapper.application; includeInIndex = 0; path = LinuxDocs.app; sourceTree = BUILT_PRODUCTS_DIR; };
		AC6332A91AA79C010021AA57 /* Info.plist */ = {isa = PBXFileReference; lastKnownFileType = text.plist.xml; path = Info.plist; sourceTree = "<group>"; };
		AC6332AA1AA79C010021AA57 /* AppDelegate.swift */ = {isa = PBXFileReference; lastKnownFileType = sourcecode.swift; path = AppDelegate.swift; sourceTree = "<group>"; };
		AC6332AC1AA79C010021AA57 /* ManPagesViewController.swift */ = {isa = PBXFileReference; lastKnownFileType = sourcecode.swift; path = ManPagesViewController.swift; sourceTree = "<group>"; };
		AC6332AF1AA79C010021AA57 /* Base */ = {isa = PBXFileReference; lastKnownFileType = file.storyboard; name = Base; path = Base.lproj/Main.storyboard; sourceTree = "<group>"; };
		AC6332B11AA79C010021AA57 /* Images.xcassets */ = {isa = PBXFileReference; lastKnownFileType = folder.assetcatalog; path = Images.xcassets; sourceTree = "<group>"; };
		AC6332BA1AA79C010021AA57 /* LinuxDocsTests.xctest */ = {isa = PBXFileReference; explicitFileType = wrapper.cfbundle; includeInIndex = 0; path = LinuxDocsTests.xctest; sourceTree = BUILT_PRODUCTS_DIR; };
		AC6332BF1AA79C010021AA57 /* Info.plist */ = {isa = PBXFileReference; lastKnownFileType = text.plist.xml; path = Info.plist; sourceTree = "<group>"; };
		AC6332C01AA79C010021AA57 /* LinuxDocsTests.swift */ = {isa = PBXFileReference; lastKnownFileType = sourcecode.swift; path = LinuxDocsTests.swift; sourceTree = "<group>"; };
		AC6332CA1AA79D420021AA57 /* ManPageBrowserViewController.swift */ = {isa = PBXFileReference; fileEncoding = 4; lastKnownFileType = sourcecode.swift; path = ManPageBrowserViewController.swift; sourceTree = "<group>"; };
		AC6332CC1AA79DCB0021AA57 /* ManPage.swift */ = {isa = PBXFileReference; fileEncoding = 4; lastKnownFileType = sourcecode.swift; path = ManPage.swift; sourceTree = "<group>"; };
		AC6E4CBB1AC0A4C6001BC5FC /* CheatSheetTableCell.swift */ = {isa = PBXFileReference; fileEncoding = 4; lastKnownFileType = sourcecode.swift; path = CheatSheetTableCell.swift; sourceTree = "<group>"; };
		AC6E4CBF1AC0B6D1001BC5FC /* LinuxDocs-Bridging-Header.h */ = {isa = PBXFileReference; lastKnownFileType = sourcecode.c.h; path = "LinuxDocs-Bridging-Header.h"; sourceTree = "<group>"; };
		AC6E4CD91AC0E0BB001BC5FC /* MainTabBarController.swift */ = {isa = PBXFileReference; fileEncoding = 4; lastKnownFileType = sourcecode.swift; path = MainTabBarController.swift; sourceTree = "<group>"; };
		AC6E4CDB1AC0E732001BC5FC /* Launch Screen.xib */ = {isa = PBXFileReference; fileEncoding = 4; lastKnownFileType = file.xib; name = "Launch Screen.xib"; path = "../Launch Screen.xib"; sourceTree = "<group>"; };
		AC79FCA61ABCBAB6009298E8 /* ManPageTableCell.swift */ = {isa = PBXFileReference; fileEncoding = 4; lastKnownFileType = sourcecode.swift; path = ManPageTableCell.swift; sourceTree = "<group>"; };
		AC8C50211AAB778A0068A731 /* pages.json */ = {isa = PBXFileReference; fileEncoding = 4; lastKnownFileType = text.json; path = pages.json; sourceTree = "<group>"; };
		AC8C51891AAB8AF30068A731 /* stylesheet */ = {isa = PBXFileReference; lastKnownFileType = folder; path = stylesheet; sourceTree = "<group>"; };
		AC8C518B1AAB8C2F0068A731 /* htmlman2 */ = {isa = PBXFileReference; lastKnownFileType = folder; path = htmlman2; sourceTree = "<group>"; };
		AC8C518D1AAB8EFA0068A731 /* htmlman1 */ = {isa = PBXFileReference; lastKnownFileType = folder; path = htmlman1; sourceTree = "<group>"; };
		AC8C51991AAB8FB40068A731 /* htmlman3 */ = {isa = PBXFileReference; lastKnownFileType = folder; path = htmlman3; sourceTree = "<group>"; };
		AC8C519B1AAB8FC10068A731 /* htmlman4 */ = {isa = PBXFileReference; lastKnownFileType = folder; path = htmlman4; sourceTree = "<group>"; };
		AC8C519D1AAB8FCF0068A731 /* htmlman5 */ = {isa = PBXFileReference; lastKnownFileType = folder; path = htmlman5; sourceTree = "<group>"; };
		AC8C519F1AAB8FDE0068A731 /* htmlman7 */ = {isa = PBXFileReference; lastKnownFileType = folder; path = htmlman7; sourceTree = "<group>"; };
		AC8C51A11AAB8FEF0068A731 /* htmlman8 */ = {isa = PBXFileReference; lastKnownFileType = folder; path = htmlman8; sourceTree = "<group>"; };
		AC8C51A61AABB46C0068A731 /* Crashlytics.framework */ = {isa = PBXFileReference; lastKnownFileType = wrapper.framework; path = Crashlytics.framework; sourceTree = "<group>"; };
		AC8C51A71AABB46C0068A731 /* Fabric.framework */ = {isa = PBXFileReference; lastKnownFileType = wrapper.framework; path = Fabric.framework; sourceTree = "<group>"; };
		FE0997CE2D1A66D580AD6495 /* Pods-LinuxDocs.release.xcconfig */ = {isa = PBXFileReference; includeInIndex = 1; lastKnownFileType = text.xcconfig; name = "Pods-LinuxDocs.release.xcconfig"; path = "Pods/Target Support Files/Pods-LinuxDocs/Pods-LinuxDocs.release.xcconfig"; sourceTree = "<group>"; };
/* End PBXFileReference section */

/* Begin PBXFrameworksBuildPhase section */
		AC6332A21AA79C010021AA57 /* Frameworks */ = {
			isa = PBXFrameworksBuildPhase;
			buildActionMask = 2147483647;
			files = (
				AC8C51A81AABB46C0068A731 /* Crashlytics.framework in Frameworks */,
				AC8C51A91AABB46D0068A731 /* Fabric.framework in Frameworks */,
				25F34570231EA46725DA8901 /* libPods-LinuxDocs.a in Frameworks */,
			);
			runOnlyForDeploymentPostprocessing = 0;
		};
		AC6332B71AA79C010021AA57 /* Frameworks */ = {
			isa = PBXFrameworksBuildPhase;
			buildActionMask = 2147483647;
			files = (
			);
			runOnlyForDeploymentPostprocessing = 0;
		};
/* End PBXFrameworksBuildPhase section */

/* Begin PBXGroup section */
		31C3596104169FE0EEB02021 /* Pods */ = {
			isa = PBXGroup;
			children = (
				1961155EE1797465850E5307 /* Pods-LinuxDocs.debug.xcconfig */,
				FE0997CE2D1A66D580AD6495 /* Pods-LinuxDocs.release.xcconfig */,
			);
			name = Pods;
			sourceTree = "<group>";
		};
		40BC8BF852B48EFDB94D50FE /* Frameworks */ = {
			isa = PBXGroup;
			children = (
				186CD9AEF3CF5076E0AA38B4 /* libPods-LinuxDocs.a */,
			);
			name = Frameworks;
			sourceTree = "<group>";
		};
		AC63329C1AA79C010021AA57 = {
			isa = PBXGroup;
			children = (
				AC6332A71AA79C010021AA57 /* LinuxDocs */,
				AC6332BD1AA79C010021AA57 /* LinuxDocsTests */,
				AC6332A61AA79C010021AA57 /* Products */,
				AC8C51A61AABB46C0068A731 /* Crashlytics.framework */,
				AC8C51A71AABB46C0068A731 /* Fabric.framework */,
				31C3596104169FE0EEB02021 /* Pods */,
				40BC8BF852B48EFDB94D50FE /* Frameworks */,
			);
			sourceTree = "<group>";
		};
		AC6332A61AA79C010021AA57 /* Products */ = {
			isa = PBXGroup;
			children = (
				AC6332A51AA79C010021AA57 /* LinuxDocs.app */,
				AC6332BA1AA79C010021AA57 /* LinuxDocsTests.xctest */,
			);
			name = Products;
			sourceTree = "<group>";
		};
		AC6332A71AA79C010021AA57 /* LinuxDocs */ = {
			isa = PBXGroup;
			children = (
				AC0A8B891ABAB93600DF8880 /* cheatsheet */,
				AC0A8B871ABAB36A00DF8880 /* style.css */,
				AC8C51A11AAB8FEF0068A731 /* htmlman8 */,
				AC8C519F1AAB8FDE0068A731 /* htmlman7 */,
				AC8C519D1AAB8FCF0068A731 /* htmlman5 */,
				AC8C519B1AAB8FC10068A731 /* htmlman4 */,
				AC8C51991AAB8FB40068A731 /* htmlman3 */,
				AC8C518D1AAB8EFA0068A731 /* htmlman1 */,
				AC8C518B1AAB8C2F0068A731 /* htmlman2 */,
				AC8C51891AAB8AF30068A731 /* stylesheet */,
				AC8C50201AAB74560068A731 /* Model */,
				AC6332AC1AA79C010021AA57 /* ManPagesViewController.swift */,
				AC4DF2A01ACEA651008785F2 /* AppColors.swift */,
				AC0A8B7F1ABA9F8300DF8880 /* CheatSheetsViewController.swift */,
				AC6332AE1AA79C010021AA57 /* Main.storyboard */,
				AC6E4CD91AC0E0BB001BC5FC /* MainTabBarController.swift */,
				AC6332CA1AA79D420021AA57 /* ManPageBrowserViewController.swift */,
				AC0A8B811ABAAA9400DF8880 /* CheatSheetBrowserViewController.swift */,
				AC79FCA61ABCBAB6009298E8 /* ManPageTableCell.swift */,
				AC6E4CBB1AC0A4C6001BC5FC /* CheatSheetTableCell.swift */,
				AC6332A81AA79C010021AA57 /* Supporting Files */,
			);
			path = LinuxDocs;
			sourceTree = "<group>";
		};
		AC6332A81AA79C010021AA57 /* Supporting Files */ = {
			isa = PBXGroup;
			children = (
				AC6E4CBF1AC0B6D1001BC5FC /* LinuxDocs-Bridging-Header.h */,
				AC6E4CDB1AC0E732001BC5FC /* Launch Screen.xib */,
				AC6332B11AA79C010021AA57 /* Images.xcassets */,
				AC6332AA1AA79C010021AA57 /* AppDelegate.swift */,
				AC6332A91AA79C010021AA57 /* Info.plist */,
			);
			name = "Supporting Files";
			sourceTree = "<group>";
		};
		AC6332BD1AA79C010021AA57 /* LinuxDocsTests */ = {
			isa = PBXGroup;
			children = (
				AC6332C01AA79C010021AA57 /* LinuxDocsTests.swift */,
				AC6332BE1AA79C010021AA57 /* Supporting Files */,
			);
			path = LinuxDocsTests;
			sourceTree = "<group>";
		};
		AC6332BE1AA79C010021AA57 /* Supporting Files */ = {
			isa = PBXGroup;
			children = (
				AC6332BF1AA79C010021AA57 /* Info.plist */,
			);
			name = "Supporting Files";
			sourceTree = "<group>";
		};
		AC8C50201AAB74560068A731 /* Model */ = {
			isa = PBXGroup;
			children = (
				AC0A8B7D1ABA9F2B00DF8880 /* CheatSheet.swift */,
				AC0A8B791ABA9EF800DF8880 /* cheatsheet.json */,
				AC8C50211AAB778A0068A731 /* pages.json */,
				AC6332CC1AA79DCB0021AA57 /* ManPage.swift */,
			);
			name = Model;
			sourceTree = "<group>";
		};
/* End PBXGroup section */

/* Begin PBXNativeTarget section */
		AC6332A41AA79C010021AA57 /* LinuxDocs */ = {
			isa = PBXNativeTarget;
			buildConfigurationList = AC6332C41AA79C010021AA57 /* Build configuration list for PBXNativeTarget "LinuxDocs" */;
			buildPhases = (
				BAFC1BB60AF3A94C92606080 /* Check Pods Manifest.lock */,
				AC6332A11AA79C010021AA57 /* Sources */,
				AC6332A21AA79C010021AA57 /* Frameworks */,
				AC6332A31AA79C010021AA57 /* Resources */,
				AC8C51A51AABB4060068A731 /* ShellScript */,
				3D2F36DA94D58D9C772EC67F /* Copy Pods Resources */,
				CDD4871EF0E2B14525CA3744 /* Embed Pods Frameworks */,
			);
			buildRules = (
			);
			dependencies = (
			);
			name = LinuxDocs;
			productName = LinuxDocs;
			productReference = AC6332A51AA79C010021AA57 /* LinuxDocs.app */;
			productType = "com.apple.product-type.application";
		};
		AC6332B91AA79C010021AA57 /* LinuxDocsTests */ = {
			isa = PBXNativeTarget;
			buildConfigurationList = AC6332C71AA79C010021AA57 /* Build configuration list for PBXNativeTarget "LinuxDocsTests" */;
			buildPhases = (
				AC6332B61AA79C010021AA57 /* Sources */,
				AC6332B71AA79C010021AA57 /* Frameworks */,
				AC6332B81AA79C010021AA57 /* Resources */,
			);
			buildRules = (
			);
			dependencies = (
				AC6332BC1AA79C010021AA57 /* PBXTargetDependency */,
			);
			name = LinuxDocsTests;
			productName = LinuxDocsTests;
			productReference = AC6332BA1AA79C010021AA57 /* LinuxDocsTests.xctest */;
			productType = "com.apple.product-type.bundle.unit-test";
		};
/* End PBXNativeTarget section */

/* Begin PBXProject section */
		AC63329D1AA79C010021AA57 /* Project object */ = {
			isa = PBXProject;
			attributes = {
				LastSwiftMigration = 0700;
				LastSwiftUpdateCheck = 0700;
				LastUpgradeCheck = 0610;
				ORGANIZATIONNAME = "Praveen Gowda I V";
				TargetAttributes = {
					AC6332A41AA79C010021AA57 = {
						CreatedOnToolsVersion = 6.1.1;
						DevelopmentTeam = 42K4FLWU7X;
					};
					AC6332B91AA79C010021AA57 = {
						CreatedOnToolsVersion = 6.1.1;
						TestTargetID = AC6332A41AA79C010021AA57;
					};
				};
			};
			buildConfigurationList = AC6332A01AA79C010021AA57 /* Build configuration list for PBXProject "LinuxDocs" */;
			compatibilityVersion = "Xcode 3.2";
			developmentRegion = English;
			hasScannedForEncodings = 0;
			knownRegions = (
				en,
				Base,
			);
			mainGroup = AC63329C1AA79C010021AA57;
			productRefGroup = AC6332A61AA79C010021AA57 /* Products */;
			projectDirPath = "";
			projectRoot = "";
			targets = (
				AC6332A41AA79C010021AA57 /* LinuxDocs */,
				AC6332B91AA79C010021AA57 /* LinuxDocsTests */,
			);
		};
/* End PBXProject section */

/* Begin PBXResourcesBuildPhase section */
		AC6332A31AA79C010021AA57 /* Resources */ = {
			isa = PBXResourcesBuildPhase;
			buildActionMask = 2147483647;
			files = (
				AC8C51A01AAB8FDE0068A731 /* htmlman7 in Resources */,
				AC8C51A21AAB8FEF0068A731 /* htmlman8 in Resources */,
				AC8C518C1AAB8C2F0068A731 /* htmlman2 in Resources */,
				AC6332B01AA79C010021AA57 /* Main.storyboard in Resources */,
				AC8C51931AAB8EFA0068A731 /* htmlman1 in Resources */,
				AC0A8B8A1ABAB93600DF8880 /* cheatsheet in Resources */,
				AC8C518A1AAB8AF30068A731 /* stylesheet in Resources */,
				AC0A8B881ABAB36A00DF8880 /* style.css in Resources */,
				AC8C519E1AAB8FCF0068A731 /* htmlman5 in Resources */,
				AC0A8B7A1ABA9EF800DF8880 /* cheatsheet.json in Resources */,
				AC8C519A1AAB8FB40068A731 /* htmlman3 in Resources */,
				AC8C519C1AAB8FC10068A731 /* htmlman4 in Resources */,
				AC8C50221AAB778A0068A731 /* pages.json in Resources */,
				AC6332B21AA79C010021AA57 /* Images.xcassets in Resources */,
				AC6E4CDC1AC0E732001BC5FC /* Launch Screen.xib in Resources */,
			);
			runOnlyForDeploymentPostprocessing = 0;
		};
		AC6332B81AA79C010021AA57 /* Resources */ = {
			isa = PBXResourcesBuildPhase;
			buildActionMask = 2147483647;
			files = (
			);
			runOnlyForDeploymentPostprocessing = 0;
		};
/* End PBXResourcesBuildPhase section */

/* Begin PBXShellScriptBuildPhase section */
		3D2F36DA94D58D9C772EC67F /* Copy Pods Resources */ = {
			isa = PBXShellScriptBuildPhase;
			buildActionMask = 2147483647;
			files = (
			);
			inputPaths = (
			);
			name = "Copy Pods Resources";
			outputPaths = (
			);
			runOnlyForDeploymentPostprocessing = 0;
			shellPath = /bin/sh;
			shellScript = "\"${SRCROOT}/Pods/Target Support Files/Pods-LinuxDocs/Pods-LinuxDocs-resources.sh\"\n";
			showEnvVarsInLog = 0;
		};
		AC8C51A51AABB4060068A731 /* ShellScript */ = {
			isa = PBXShellScriptBuildPhase;
			buildActionMask = 2147483647;
			files = (
			);
			inputPaths = (
			);
			outputPaths = (
			);
			runOnlyForDeploymentPostprocessing = 0;
			shellPath = /bin/sh;
			shellScript = "./Fabric.framework/run 8a4d7ef10a9619936e99973e4855e6db26030b24 ccb643ff31e6638f3ae59c1b1de90d6aa8e8b7f7c1453252296f674061a64d24";
		};
		BAFC1BB60AF3A94C92606080 /* Check Pods Manifest.lock */ = {
			isa = PBXShellScriptBuildPhase;
			buildActionMask = 2147483647;
			files = (
			);
			inputPaths = (
			);
			name = "Check Pods Manifest.lock";
			outputPaths = (
			);
			runOnlyForDeploymentPostprocessing = 0;
			shellPath = /bin/sh;
			shellScript = "diff \"${PODS_ROOT}/../Podfile.lock\" \"${PODS_ROOT}/Manifest.lock\" > /dev/null\nif [[ $? != 0 ]] ; then\n    cat << EOM\nerror: The sandbox is not in sync with the Podfile.lock. Run 'pod install' or update your CocoaPods installation.\nEOM\n    exit 1\nfi\n";
			showEnvVarsInLog = 0;
		};
		CDD4871EF0E2B14525CA3744 /* Embed Pods Frameworks */ = {
			isa = PBXShellScriptBuildPhase;
			buildActionMask = 2147483647;
			files = (
			);
			inputPaths = (
			);
			name = "Embed Pods Frameworks";
			outputPaths = (
			);
			runOnlyForDeploymentPostprocessing = 0;
			shellPath = /bin/sh;
			shellScript = "\"${SRCROOT}/Pods/Target Support Files/Pods-LinuxDocs/Pods-LinuxDocs-frameworks.sh\"\n";
			showEnvVarsInLog = 0;
		};
/* End PBXShellScriptBuildPhase section */

/* Begin PBXSourcesBuildPhase section */
		AC6332A11AA79C010021AA57 /* Sources */ = {
			isa = PBXSourcesBuildPhase;
			buildActionMask = 2147483647;
			files = (
				AC0A8B821ABAAA9400DF8880 /* CheatSheetBrowserViewController.swift in Sources */,
				AC0A8B801ABA9F8300DF8880 /* CheatSheetsViewController.swift in Sources */,
				AC6E4CDA1AC0E0BB001BC5FC /* MainTabBarController.swift in Sources */,
				AC79FCA71ABCBAB6009298E8 /* ManPageTableCell.swift in Sources */,
				AC4DF2A11ACEA651008785F2 /* AppColors.swift in Sources */,
				AC6332AD1AA79C010021AA57 /* ManPagesViewController.swift in Sources */,
				AC0A8B7E1ABA9F2B00DF8880 /* CheatSheet.swift in Sources */,
				AC6E4CBC1AC0A4C6001BC5FC /* CheatSheetTableCell.swift in Sources */,
				AC6332CD1AA79DCB0021AA57 /* ManPage.swift in Sources */,
				AC6332AB1AA79C010021AA57 /* AppDelegate.swift in Sources */,
				AC6332CB1AA79D420021AA57 /* ManPageBrowserViewController.swift in Sources */,
			);
			runOnlyForDeploymentPostprocessing = 0;
		};
		AC6332B61AA79C010021AA57 /* Sources */ = {
			isa = PBXSourcesBuildPhase;
			buildActionMask = 2147483647;
			files = (
				AC6332C11AA79C010021AA57 /* LinuxDocsTests.swift in Sources */,
			);
			runOnlyForDeploymentPostprocessing = 0;
		};
/* End PBXSourcesBuildPhase section */

/* Begin PBXTargetDependency section */
		AC6332BC1AA79C010021AA57 /* PBXTargetDependency */ = {
			isa = PBXTargetDependency;
			target = AC6332A41AA79C010021AA57 /* LinuxDocs */;
			targetProxy = AC6332BB1AA79C010021AA57 /* PBXContainerItemProxy */;
		};
/* End PBXTargetDependency section */

/* Begin PBXVariantGroup section */
		AC6332AE1AA79C010021AA57 /* Main.storyboard */ = {
			isa = PBXVariantGroup;
			children = (
				AC6332AF1AA79C010021AA57 /* Base */,
			);
			name = Main.storyboard;
			sourceTree = "<group>";
		};
/* End PBXVariantGroup section */

/* Begin XCBuildConfiguration section */
		AC6332C21AA79C010021AA57 /* Debug */ = {
			isa = XCBuildConfiguration;
			buildSettings = {
				ALWAYS_SEARCH_USER_PATHS = NO;
				CLANG_CXX_LANGUAGE_STANDARD = "gnu++0x";
				CLANG_CXX_LIBRARY = "libc++";
				CLANG_ENABLE_MODULES = YES;
				CLANG_ENABLE_OBJC_ARC = YES;
				CLANG_WARN_BOOL_CONVERSION = YES;
				CLANG_WARN_CONSTANT_CONVERSION = YES;
				CLANG_WARN_DIRECT_OBJC_ISA_USAGE = YES_ERROR;
				CLANG_WARN_EMPTY_BODY = YES;
				CLANG_WARN_ENUM_CONVERSION = YES;
				CLANG_WARN_INT_CONVERSION = YES;
				CLANG_WARN_OBJC_ROOT_CLASS = YES_ERROR;
				CLANG_WARN_UNREACHABLE_CODE = YES;
				CLANG_WARN__DUPLICATE_METHOD_MATCH = YES;
				"CODE_SIGN_IDENTITY[sdk=iphoneos*]" = "iPhone Developer";
				COPY_PHASE_STRIP = NO;
				ENABLE_STRICT_OBJC_MSGSEND = YES;
				GCC_C_LANGUAGE_STANDARD = gnu99;
				GCC_DYNAMIC_NO_PIC = NO;
				GCC_OPTIMIZATION_LEVEL = 0;
				GCC_PREPROCESSOR_DEFINITIONS = (
					"DEBUG=1",
					"$(inherited)",
				);
				GCC_SYMBOLS_PRIVATE_EXTERN = NO;
				GCC_WARN_64_TO_32_BIT_CONVERSION = YES;
				GCC_WARN_ABOUT_RETURN_TYPE = YES_ERROR;
				GCC_WARN_UNDECLARED_SELECTOR = YES;
				GCC_WARN_UNINITIALIZED_AUTOS = YES_AGGRESSIVE;
				GCC_WARN_UNUSED_FUNCTION = YES;
				GCC_WARN_UNUSED_VARIABLE = YES;
				IPHONEOS_DEPLOYMENT_TARGET = 8.1;
				MTL_ENABLE_DEBUG_INFO = YES;
				ONLY_ACTIVE_ARCH = YES;
				SDKROOT = iphoneos;
				SWIFT_OPTIMIZATION_LEVEL = "-Onone";
			};
			name = Debug;
		};
		AC6332C31AA79C010021AA57 /* Release */ = {
			isa = XCBuildConfiguration;
			buildSettings = {
				ALWAYS_SEARCH_USER_PATHS = NO;
				CLANG_CXX_LANGUAGE_STANDARD = "gnu++0x";
				CLANG_CXX_LIBRARY = "libc++";
				CLANG_ENABLE_MODULES = YES;
				CLANG_ENABLE_OBJC_ARC = YES;
				CLANG_WARN_BOOL_CONVERSION = YES;
				CLANG_WARN_CONSTANT_CONVERSION = YES;
				CLANG_WARN_DIRECT_OBJC_ISA_USAGE = YES_ERROR;
				CLANG_WARN_EMPTY_BODY = YES;
				CLANG_WARN_ENUM_CONVERSION = YES;
				CLANG_WARN_INT_CONVERSION = YES;
				CLANG_WARN_OBJC_ROOT_CLASS = YES_ERROR;
				CLANG_WARN_UNREACHABLE_CODE = YES;
				CLANG_WARN__DUPLICATE_METHOD_MATCH = YES;
				"CODE_SIGN_IDENTITY[sdk=iphoneos*]" = "iPhone Developer";
				COPY_PHASE_STRIP = YES;
				ENABLE_NS_ASSERTIONS = NO;
				ENABLE_STRICT_OBJC_MSGSEND = YES;
				GCC_C_LANGUAGE_STANDARD = gnu99;
				GCC_WARN_64_TO_32_BIT_CONVERSION = YES;
				GCC_WARN_ABOUT_RETURN_TYPE = YES_ERROR;
				GCC_WARN_UNDECLARED_SELECTOR = YES;
				GCC_WARN_UNINITIALIZED_AUTOS = YES_AGGRESSIVE;
				GCC_WARN_UNUSED_FUNCTION = YES;
				GCC_WARN_UNUSED_VARIABLE = YES;
				IPHONEOS_DEPLOYMENT_TARGET = 8.1;
				MTL_ENABLE_DEBUG_INFO = NO;
				SDKROOT = iphoneos;
				VALIDATE_PRODUCT = YES;
			};
			name = Release;
		};
		AC6332C51AA79C010021AA57 /* Debug */ = {
			isa = XCBuildConfiguration;
			baseConfigurationReference = 1961155EE1797465850E5307 /* Pods-LinuxDocs.debug.xcconfig */;
			buildSettings = {
				ASSETCATALOG_COMPILER_APPICON_NAME = AppIcon;
				CLANG_ENABLE_MODULES = YES;
				CODE_SIGN_IDENTITY = "iPhone Developer";
				FRAMEWORK_SEARCH_PATHS = (
					"$(inherited)",
					"$(PROJECT_DIR)",
				);
				INFOPLIST_FILE = LinuxDocs/Info.plist;
				LD_RUNPATH_SEARCH_PATHS = "$(inherited) @executable_path/Frameworks";
				PRODUCT_NAME = "$(TARGET_NAME)";
				SWIFT_OBJC_BRIDGING_HEADER = "LinuxDocs/LinuxDocs-Bridging-Header.h";
				SWIFT_OPTIMIZATION_LEVEL = "-Onone";
			};
			name = Debug;
		};
		AC6332C61AA79C010021AA57 /* Release */ = {
			isa = XCBuildConfiguration;
			baseConfigurationReference = FE0997CE2D1A66D580AD6495 /* Pods-LinuxDocs.release.xcconfig */;
			buildSettings = {
				ASSETCATALOG_COMPILER_APPICON_NAME = AppIcon;
				CLANG_ENABLE_MODULES = YES;
				CODE_SIGN_IDENTITY = "iPhone Developer";
				FRAMEWORK_SEARCH_PATHS = (
					"$(inherited)",
					"$(PROJECT_DIR)",
				);
				INFOPLIST_FILE = LinuxDocs/Info.plist;
				LD_RUNPATH_SEARCH_PATHS = "$(inherited) @executable_path/Frameworks";
				PRODUCT_NAME = "$(TARGET_NAME)";
				SWIFT_OBJC_BRIDGING_HEADER = "LinuxDocs/LinuxDocs-Bridging-Header.h";
				"SWIFT_OBJC_BRIDGING_HEADER[arch=*]" = "LinuxDocs/LinuxDocs-Bridging-Header.h";
			};
			name = Release;
		};
		AC6332C81AA79C010021AA57 /* Debug */ = {
			isa = XCBuildConfiguration;
			buildSettings = {
				BUNDLE_LOADER = "$(TEST_HOST)";
				FRAMEWORK_SEARCH_PATHS = (
					"$(SDKROOT)/Developer/Library/Frameworks",
					"$(inherited)",
				);
				GCC_PREPROCESSOR_DEFINITIONS = (
					"DEBUG=1",
					"$(inherited)",
				);
				INFOPLIST_FILE = LinuxDocsTests/Info.plist;
				LD_RUNPATH_SEARCH_PATHS = "$(inherited) @executable_path/Frameworks @loader_path/Frameworks";
				PRODUCT_NAME = "$(TARGET_NAME)";
				TEST_HOST = "$(BUILT_PRODUCTS_DIR)/LinuxDocs.app/LinuxDocs";
			};
			name = Debug;
		};
		AC6332C91AA79C010021AA57 /* Release */ = {
			isa = XCBuildConfiguration;
			buildSettings = {
				BUNDLE_LOADER = "$(TEST_HOST)";
				FRAMEWORK_SEARCH_PATHS = (
					"$(SDKROOT)/Developer/Library/Frameworks",
					"$(inherited)",
				);
				INFOPLIST_FILE = LinuxDocsTests/Info.plist;
				LD_RUNPATH_SEARCH_PATHS = "$(inherited) @executable_path/Frameworks @loader_path/Frameworks";
				PRODUCT_NAME = "$(TARGET_NAME)";
				TEST_HOST = "$(BUILT_PRODUCTS_DIR)/LinuxDocs.app/LinuxDocs";
			};
			name = Release;
		};
/* End XCBuildConfiguration section */

/* Begin XCConfigurationList section */
		AC6332A01AA79C010021AA57 /* Build configuration list for PBXProject "LinuxDocs" */ = {
			isa = XCConfigurationList;
			buildConfigurations = (
				AC6332C21AA79C010021AA57 /* Debug */,
				AC6332C31AA79C010021AA57 /* Release */,
			);
			defaultConfigurationIsVisible = 0;
			defaultConfigurationName = Release;
		};
		AC6332C41AA79C010021AA57 /* Build configuration list for PBXNativeTarget "LinuxDocs" */ = {
			isa = XCConfigurationList;
			buildConfigurations = (
				AC6332C51AA79C010021AA57 /* Debug */,
				AC6332C61AA79C010021AA57 /* Release */,
			);
			defaultConfigurationIsVisible = 0;
			defaultConfigurationName = Release;
		};
		AC6332C71AA79C010021AA57 /* Build configuration list for PBXNativeTarget "LinuxDocsTests" */ = {
			isa = XCConfigurationList;
			buildConfigurations = (
				AC6332C81AA79C010021AA57 /* Debug */,
				AC6332C91AA79C010021AA57 /* Release */,
			);
			defaultConfigurationIsVisible = 0;
			defaultConfigurationName = Release;
		};
/* End XCConfigurationList section */
	};
	rootObject = AC63329D1AA79C010021AA57 /* Project object */;
}
