PODS:
  - CTFeedback (1.0.17)
  - DZNEmptyDataSet (1.5.2)
  - SKSplashView (0.1.0)
  - UIImage-Helpers (0.0.3)

DEPENDENCIES:
  - CTFeedback
  - DZNEmptyDataSet
  - SKSplashView
  - UIImage-Helpers

SPEC CHECKSUMS:
  CTFeedback: 8706fc51355f04646262441193983f6d10702d0c
  DZNEmptyDataSet: 741da409081a4bf707c949c964623a6ad1799772
  SKSplashView: 8cdb1bfccb5857cb141751d01b03cf132b110168
  UIImage-Helpers: 06b04a42bdd222844035602e87e936765c80f620

COCOAPODS: 0.36.0
